<Solution>
  <Folder Name="/benchmarks/">
    <Project Path="benchmarks\AlgoTradeForge.Benchmarks\AlgoTradeForge.Benchmarks.csproj" />
  </Folder>
  <Project Path="src\AlgoTradeForge.Domain\AlgoTradeForge.Domain.csproj" />
  <Folder Name="/tests/">
    <Project Path="tests/AlgoTradeForge.WebApi.Tests/AlgoTradeForge.WebApi.Tests.csproj" />
    <Project Path="tests/AlgoTradeForge.WebApi.PlaywrightTests/AlgoTradeForge.WebApi.PlaywrightTests.csproj" />
  </Folder>
  <Project Path="src\AlgoTradeForge.Application\AlgoTradeForge.Application.csproj" />
  <Project Path="src\AlgoTradeForge.Storage.Abstractions\AlgoTradeForge.Storage.Abstractions.csproj" />
  <Project Path="src\AlgoTradeForge.Storage\AlgoTradeForge.Storage.csproj" />
  <Project Path="src\AlgoTradeForge.Infrastructure\AlgoTradeForge.Infrastructure.csproj" />
  <Project Path="src\AlgoTradeForge.WebApi\AlgoTradeForge.WebApi.csproj" />
  <Project Path="src\AlgoTradeForge.HistoryLoader.Domain\AlgoTradeForge.HistoryLoader.Domain.csproj" />
  <Project Path="src\AlgoTradeForge.HistoryLoader.Application\AlgoTradeForge.HistoryLoader.Application.csproj" />
  <Project Path="src\AlgoTradeForge.HistoryLoader.Infrastructure\AlgoTradeForge.HistoryLoader.Infrastructure.csproj" />
  <Project Path="src\AlgoTradeForge.HistoryLoader.WebApi\AlgoTradeForge.HistoryLoader.WebApi.csproj" />
  <Project Path="src\AlgoTradeForge.Live.Relay\AlgoTradeForge.Live.Relay.csproj" />
  <Project Path="src\AlgoTradeForge.DumpTicks\AlgoTradeForge.DumpTicks.csproj" />
  <Project Path="src\AlgoTradeForge.LiveHost.Application\AlgoTradeForge.LiveHost.Application.csproj" />
  <Project Path="src\AlgoTradeForge.IbApi\AlgoTradeForge.IbApi.csproj" />
  <Project Path="src\AlgoTradeForge.LiveHost.Infrastructure\AlgoTradeForge.LiveHost.Infrastructure.csproj" />
  <Project Path="src\AlgoTradeForge.LiveHost.WebApi\AlgoTradeForge.LiveHost.WebApi.csproj" />
  <Project Path="tests\AlgoTradeForge.Domain.Tests\AlgoTradeForge.Domain.Tests.csproj" />
  <Project Path="tests\AlgoTradeForge.Application.Tests\AlgoTradeForge.Application.Tests.csproj" />
  <Project Path="tests\AlgoTradeForge.Infrastructure.Tests\AlgoTradeForge.Infrastructure.Tests.csproj" />
  <Project Path="tests\AlgoTradeForge.HistoryLoader.Tests\AlgoTradeForge.HistoryLoader.Tests.csproj" />
  <Project Path="tests\AlgoTradeForge.Live.Relay.Tests\AlgoTradeForge.Live.Relay.Tests.csproj" />
  <Project Path="tests\AlgoTradeForge.LiveHost.Application.Tests\AlgoTradeForge.LiveHost.Application.Tests.csproj" />
  <Project Path="tests\AlgoTradeForge.LiveHost.Infrastructure.Tests\AlgoTradeForge.LiveHost.Infrastructure.Tests.csproj" />
  <Project Path="tests\AlgoTradeForge.LiveHost.WebApi.Tests\AlgoTradeForge.LiveHost.WebApi.Tests.csproj" />
</Solution>
